<Solution>
  <Project Path="Conventional Routing/Conventional &amp; Attribute Routing.csproj" Id="caea8a9a-0c35-4147-aabf-dfc92a80dae1" />
  <Project Path="Course Enrollment Management (Practice)/Course Enrollment Management (Practice).csproj" Id="a1ee6d72-fc7d-43a7-931f-0feca02f8ff9" />
  <Project Path="Custoom Helper Html/Custoom Helper Html.csproj" Id="5f0b1fb8-c28b-46e8-a62f-58271b0553f9" />
  <Project Path="First Demo MVC/First Demo MVC.csproj" />
  <Project Path="Scaffolding/Scaffolding.csproj" Id="d7abd024-a035-427c-9f4c-bd9ed8a6c75f" />
  <Project Path="Standard HTML Helper/Standard HTML Helper.csproj" Id="d996b67f-771d-48df-8bf4-4a294c90331d" />
  <Project Path="Strongly Type HTML Helper/Strongly Type HTML Helper.csproj" Id="38470b44-9b71-48e3-9e23-3255b9cde2c5" />
  <Project Path="Student Management System (Get Post)/Student Management System (Get Post).csproj" Id="970d07c2-da75-480a-87bc-306b824b3543" />
  <Project Path="Student Management System/Student Management System.csproj" Id="a4805097-208c-46f3-bd3b-d11c85051fd3" />
  <Project Path="Templated Html Helper/Templated Html Helper.csproj" Id="22ee01ef-f44f-48ea-be33-88529f79209e" />
  <Project Path="Validating Data In Standard Type/Validating Data In Standard Type.csproj" Id="19ff878c-0759-4da0-ba28-3ab4b0f85b8d" />
  <Project Path="Validation Data in Strongly type Form/Validation Data in Strongly type Form.csproj" Id="07b23628-cb61-4e56-932f-a28829f9a486" />
  <Project Path="Validation Summary/Validation Summary.csproj" Id="b4c1edb0-1896-4149-9d88-77a25b36ba88" />
</Solution>
