<Solution>
  <Project Path="First Demo MVC/First Demo MVC.csproj" />
  <Project Path="Standard HTML Helper/Standard HTML Helper.csproj" Id="d996b67f-771d-48df-8bf4-4a294c90331d" />
  <Project Path="Strongly Type HTML Helper/Strongly Type HTML Helper.csproj" Id="38470b44-9b71-48e3-9e23-3255b9cde2c5" />
  <Project Path="Student Management System (Get Post)/Student Management System (Get Post).csproj" Id="970d07c2-da75-480a-87bc-306b824b3543" />
  <Project Path="Student Management System/Student Management System.csproj" Id="a4805097-208c-46f3-bd3b-d11c85051fd3" />
  <Project Path="Templated Html Helper/Templated Html Helper.csproj" Id="22ee01ef-f44f-48ea-be33-88529f79209e" />
</Solution>
