<Solution>
  <Project Path="DateTime example/DateTime example.csproj" Id="af44179f-5f8d-4b4d-a134-51b1499a06fb" />
  <Project Path="DateTime Practice (Easy)/DateTime Practice (Easy).csproj" Id="54c0600c-d321-43a4-9935-f2b4e1c93386" />
  <Project Path="DateTime Practice (Hard)/DateTime Practice (Hard).csproj" Id="50f3e901-46b5-41f7-b14d-7f2eb85cd978" />
  <Project Path="DateTime Practice (Medium)/DateTime Practice (Medium).csproj" Id="fe144dac-7993-49ab-896a-bf76c7a57437" />
  <Project Path="Parameter Modifie/Parameter Modifier Practice.csproj" Id="3021be61-8eaa-45c9-84f8-5cfd17f1ea85" />
  <Project Path="Parameter Modifier/Parameter Modifier.csproj" />
  <Project Path="StringBuilder Example/StringBuilder Example.csproj" Id="02c4e800-1d26-4b74-97f8-7c51016d7dd0" />
  <Project Path="Tuple Practice 1/Tuple Practice 1.csproj" Id="daaca8db-dfa5-4ec8-8632-f7b6ce57eff3" />
  <Project Path="TupleExample/TupleExample.csproj" Id="eec28364-c938-433e-8634-22913bad02ae" />
</Solution>
