<Solution>
  <Project Path="Claculator (Medium)/Claculator (Medium).csproj" Id="886cc5be-1256-45da-81b7-d41f7172c7c7" />
  <Project Path="Generic Product Repository/Generic Product Repository.csproj" Id="fb6d84cc-aad2-44b1-a479-cbe54513cf43" />
  <Project Path="Generics/Generics.csproj" />
  <Project Path="Order Management System/Order Management System.csproj" Id="c051a6cf-848c-4ad1-8295-abc6b48152ae" />
  <Project Path="Practice Generics (Easy)/Practice Generics (Easy).csproj" Id="93d9f9c3-46b5-41d8-b608-5bdd84ff6d30" />
</Solution>
