<Solution>
  <Project Path="Claculator (Medium)/Claculator (Medium).csproj" Id="886cc5be-1256-45da-81b7-d41f7172c7c7" />
  <Project Path="Generic Box (Practice)/Generic Box (Practice2).csproj" Id="c3a3114a-3c16-462c-b227-c1bfe317e286" />
  <Project Path="Generic Medium (Practice2)/Generic Medium (Practice2).csproj" Id="c2856040-226f-47fc-a7e0-3e07bc096f7a" />
  <Project Path="Generic Order System (Practice2)/Generic Order System (Practice2).csproj" Id="1a93e900-f70c-4dc5-8deb-1c2a89588cc2" />
  <Project Path="Generic Product Repository (Practice2)/Generic Product Repository (Practice2).csproj" Id="32043361-defc-4cf5-8c9e-ae14f062e75b" />
  <Project Path="Generic Product Repository/Generic Product Repository.csproj" Id="fb6d84cc-aad2-44b1-a479-cbe54513cf43" />
  <Project Path="Generics/Generics.csproj" />
  <Project Path="Order Management System/Order Management System.csproj" Id="c051a6cf-848c-4ad1-8295-abc6b48152ae" />
  <Project Path="Practice Generics (Easy)/Practice Generics (Easy).csproj" Id="93d9f9c3-46b5-41d8-b608-5bdd84ff6d30" />
</Solution>
